
Microsoft Visual Studio Solution File, Format Version 12.00
# Visual Studio 15
VisualStudioVersion = 15.0.27703.2026
MinimumVisualStudioVersion = 10.0.40219.1
Project("{FAE04EC0-301F-11D3-BF4B-00C04F79EFBC}") = "AsyncTest", "AsyncTest\AsyncTest.csproj", "{FEAA56BE-6A68-468F-893F-6B118D1C7340}"
EndProject
Project("{FAE04EC0-301F-11D3-BF4B-00C04F79EFBC}") = "parralelTest", "parralelTest\parralelTest.csproj", "{2E121BE7-D02E-460A-A31D-5060648EAFC5}"
EndProject
Global
	GlobalSection(SolutionConfigurationPlatforms) = preSolution
		Debug|Any CPU = Debug|Any CPU
		Release|Any CPU = Release|Any CPU
	EndGlobalSection
	GlobalSection(ProjectConfigurationPlatforms) = postSolution
		{FEAA56BE-6A68-468F-893F-6B118D1C7340}.Debug|Any CPU.ActiveCfg = Debug|Any CPU
		{FEAA56BE-6A68-468F-893F-6B118D1C7340}.Debug|Any CPU.Build.0 = Debug|Any CPU
		{FEAA56BE-6A68-468F-893F-6B118D1C7340}.Release|Any CPU.ActiveCfg = Release|Any CPU
		{FEAA56BE-6A68-468F-893F-6B118D1C7340}.Release|Any CPU.Build.0 = Release|Any CPU
		{2E121BE7-D02E-460A-A31D-5060648EAFC5}.Debug|Any CPU.ActiveCfg = Debug|Any CPU
		{2E121BE7-D02E-460A-A31D-5060648EAFC5}.Debug|Any CPU.Build.0 = Debug|Any CPU
		{2E121BE7-D02E-460A-A31D-5060648EAFC5}.Release|Any CPU.ActiveCfg = Release|Any CPU
		{2E121BE7-D02E-460A-A31D-5060648EAFC5}.Release|Any CPU.Build.0 = Release|Any CPU
	EndGlobalSection
	GlobalSection(SolutionProperties) = preSolution
		HideSolutionNode = FALSE
	EndGlobalSection
	GlobalSection(ExtensibilityGlobals) = postSolution
		SolutionGuid = {2A467239-6D14-4D4E-AA14-7A1BB968AD30}
	EndGlobalSection
EndGlobal
